// !$*UTF8*$!
{
	archiveVersion = 1;
	classes = {
	};
	objectVersion = 55;
	objects = {

/* Begin PBXBuildFile section */
		715599D527499AB200C54268 /* PrivacyConsent in Frameworks */ = {isa = PBXBuildFile; productRef = 715599D427499AB200C54268 /* PrivacyConsent */; };
		715599D727499ABC00C54268 /* PrivacyConsent in Frameworks */ = {isa = PBXBuildFile; productRef = 715599D627499ABC00C54268 /* PrivacyConsent */; };
		71A7441F2744D64200D1D8FB /* PrivacyConsentSampleApp.swift in Sources */ = {isa = PBXBuildFile; fileRef = 71A7440F2744D63F00D1D8FB /* PrivacyConsentSampleApp.swift */; };
		71A744202744D64200D1D8FB /* PrivacyConsentSampleApp.swift in Sources */ = {isa = PBXBuildFile; fileRef = 71A7440F2744D63F00D1D8FB /* PrivacyConsentSampleApp.swift */; };
		71A744212744D64200D1D8FB /* ContentView.swift in Sources */ = {isa = PBXBuildFile; fileRef = 71A744102744D63F00D1D8FB /* ContentView.swift */; };
		71A744222744D64200D1D8FB /* ContentView.swift in Sources */ = {isa = PBXBuildFile; fileRef = 71A744102744D63F00D1D8FB /* ContentView.swift */; };
		71A744232744D64200D1D8FB /* Assets.xcassets in Resources */ = {isa = PBXBuildFile; fileRef = 71A744112744D64200D1D8FB /* Assets.xcassets */; };
		71A744242744D64200D1D8FB /* Assets.xcassets in Resources */ = {isa = PBXBuildFile; fileRef = 71A744112744D64200D1D8FB /* Assets.xcassets */; };
/* End PBXBuildFile section */

/* Begin PBXFileReference section */
		715599D327499AA200C54268 /* PrivacyConsent */ = {isa = PBXFileReference; lastKnownFileType = folder; name = PrivacyConsent; path = ../..; sourceTree = "<group>"; };
		71A7440F2744D63F00D1D8FB /* PrivacyConsentSampleApp.swift */ = {isa = PBXFileReference; lastKnownFileType = sourcecode.swift; path = PrivacyConsentSampleApp.swift; sourceTree = "<group>"; };
		71A744102744D63F00D1D8FB /* ContentView.swift */ = {isa = PBXFileReference; lastKnownFileType = sourcecode.swift; path = ContentView.swift; sourceTree = "<group>"; };
		71A744112744D64200D1D8FB /* Assets.xcassets */ = {isa = PBXFileReference; lastKnownFileType = folder.assetcatalog; path = Assets.xcassets; sourceTree = "<group>"; };
		71A744162744D64200D1D8FB /* PrivacyConsentSample.app */ = {isa = PBXFileReference; explicitFileType = wrapper.application; includeInIndex = 0; path = PrivacyConsentSample.app; sourceTree = BUILT_PRODUCTS_DIR; };
		71A7441C2744D64200D1D8FB /* PrivacyConsentSample.app */ = {isa = PBXFileReference; explicitFileType = wrapper.application; includeInIndex = 0; path = PrivacyConsentSample.app; sourceTree = BUILT_PRODUCTS_DIR; };
		71A7441E2744D64200D1D8FB /* macOS.entitlements */ = {isa = PBXFileReference; lastKnownFileType = text.plist.entitlements; path = macOS.entitlements; sourceTree = "<group>"; };
/* End PBXFileReference section */

/* Begin PBXFrameworksBuildPhase section */
		71A744132744D64200D1D8FB /* Frameworks */ = {
			isa = PBXFrameworksBuildPhase;
			buildActionMask = 2147483647;
			files = (
				715599D527499AB200C54268 /* PrivacyConsent in Frameworks */,
			);
			runOnlyForDeploymentPostprocessing = 0;
		};
		71A744192744D64200D1D8FB /* Frameworks */ = {
			isa = PBXFrameworksBuildPhase;
			buildActionMask = 2147483647;
			files = (
				715599D727499ABC00C54268 /* PrivacyConsent in Frameworks */,
			);
			runOnlyForDeploymentPostprocessing = 0;
		};
/* End PBXFrameworksBuildPhase section */

/* Begin PBXGroup section */
		715599D227499AA200C54268 /* Packages */ = {
			isa = PBXGroup;
			children = (
				715599D327499AA200C54268 /* PrivacyConsent */,
			);
			name = Packages;
			sourceTree = "<group>";
		};
		71A744092744D63F00D1D8FB = {
			isa = PBXGroup;
			children = (
				715599D227499AA200C54268 /* Packages */,
				71A7440E2744D63F00D1D8FB /* Shared */,
				71A7441D2744D64200D1D8FB /* macOS */,
				71A744172744D64200D1D8FB /* Products */,
				71A744302744D6BF00D1D8FB /* Frameworks */,
			);
			sourceTree = "<group>";
		};
		71A7440E2744D63F00D1D8FB /* Shared */ = {
			isa = PBXGroup;
			children = (
				71A7440F2744D63F00D1D8FB /* PrivacyConsentSampleApp.swift */,
				71A744102744D63F00D1D8FB /* ContentView.swift */,
				71A744112744D64200D1D8FB /* Assets.xcassets */,
			);
			path = Shared;
			sourceTree = "<group>";
		};
		71A744172744D64200D1D8FB /* Products */ = {
			isa = PBXGroup;
			children = (
				71A744162744D64200D1D8FB /* PrivacyConsentSample.app */,
				71A7441C2744D64200D1D8FB /* PrivacyConsentSample.app */,
			);
			name = Products;
			sourceTree = "<group>";
		};
		71A7441D2744D64200D1D8FB /* macOS */ = {
			isa = PBXGroup;
			children = (
				71A7441E2744D64200D1D8FB /* macOS.entitlements */,
			);
			path = macOS;
			sourceTree = "<group>";
		};
		71A744302744D6BF00D1D8FB /* Frameworks */ = {
			isa = PBXGroup;
			children = (
			);
			name = Frameworks;
			sourceTree = "<group>";
		};
/* End PBXGroup section */

/* Begin PBXNativeTarget section */
		71A744152744D64200D1D8FB /* PrivacyConsentSample (iOS) */ = {
			isa = PBXNativeTarget;
			buildConfigurationList = 71A744272744D64200D1D8FB /* Build configuration list for PBXNativeTarget "PrivacyConsentSample (iOS)" */;
			buildPhases = (
				71A744122744D64200D1D8FB /* Sources */,
				71A744132744D64200D1D8FB /* Frameworks */,
				71A744142744D64200D1D8FB /* Resources */,
			);
			buildRules = (
			);
			dependencies = (
			);
			name = "PrivacyConsentSample (iOS)";
			packageProductDependencies = (
				715599D427499AB200C54268 /* PrivacyConsent */,
			);
			productName = "PrivacyConsentSample (iOS)";
			productReference = 71A744162744D64200D1D8FB /* PrivacyConsentSample.app */;
			productType = "com.apple.product-type.application";
		};
		71A7441B2744D64200D1D8FB /* PrivacyConsentSample (macOS) */ = {
			isa = PBXNativeTarget;
			buildConfigurationList = 71A7442A2744D64200D1D8FB /* Build configuration list for PBXNativeTarget "PrivacyConsentSample (macOS)" */;
			buildPhases = (
				71A744182744D64200D1D8FB /* Sources */,
				71A744192744D64200D1D8FB /* Frameworks */,
				71A7441A2744D64200D1D8FB /* Resources */,
			);
			buildRules = (
			);
			dependencies = (
			);
			name = "PrivacyConsentSample (macOS)";
			packageProductDependencies = (
				715599D627499ABC00C54268 /* PrivacyConsent */,
			);
			productName = "PrivacyConsentSample (macOS)";
			productReference = 71A7441C2744D64200D1D8FB /* PrivacyConsentSample.app */;
			productType = "com.apple.product-type.application";
		};
/* End PBXNativeTarget section */

/* Begin PBXProject section */
		71A7440A2744D63F00D1D8FB /* Project object */ = {
			isa = PBXProject;
			attributes = {
				BuildIndependentTargetsInParallel = 1;
				LastSwiftUpdateCheck = 1310;
				LastUpgradeCheck = 1310;
				TargetAttributes = {
					71A744152744D64200D1D8FB = {
						CreatedOnToolsVersion = 13.1;
					};
					71A7441B2744D64200D1D8FB = {
						CreatedOnToolsVersion = 13.1;
					};
				};
			};
			buildConfigurationList = 71A7440D2744D63F00D1D8FB /* Build configuration list for PBXProject "PrivacyConsentSample" */;
			compatibilityVersion = "Xcode 13.0";
			developmentRegion = en;
			hasScannedForEncodings = 0;
			knownRegions = (
				en,
				Base,
			);
			mainGroup = 71A744092744D63F00D1D8FB;
			productRefGroup = 71A744172744D64200D1D8FB /* Products */;
			projectDirPath = "";
			projectRoot = "";
			targets = (
				71A744152744D64200D1D8FB /* PrivacyConsentSample (iOS) */,
				71A7441B2744D64200D1D8FB /* PrivacyConsentSample (macOS) */,
			);
		};
/* End PBXProject section */

/* Begin PBXResourcesBuildPhase section */
		71A744142744D64200D1D8FB /* Resources */ = {
			isa = PBXResourcesBuildPhase;
			buildActionMask = 2147483647;
			files = (
				71A744232744D64200D1D8FB /* Assets.xcassets in Resources */,
			);
			runOnlyForDeploymentPostprocessing = 0;
		};
		71A7441A2744D64200D1D8FB /* Resources */ = {
			isa = PBXResourcesBuildPhase;
			buildActionMask = 2147483647;
			files = (
				71A744242744D64200D1D8FB /* Assets.xcassets in Resources */,
			);
			runOnlyForDeploymentPostprocessing = 0;
		};
/* End PBXResourcesBuildPhase section */

/* Begin PBXSourcesBuildPhase section */
		71A744122744D64200D1D8FB /* Sources */ = {
			isa = PBXSourcesBuildPhase;
			buildActionMask = 2147483647;
			files = (
				71A744212744D64200D1D8FB /* ContentView.swift in Sources */,
				71A7441F2744D64200D1D8FB /* PrivacyConsentSampleApp.swift in Sources */,
			);
			runOnlyForDeploymentPostprocessing = 0;
		};
		71A744182744D64200D1D8FB /* Sources */ = {
			isa = PBXSourcesBuildPhase;
			buildActionMask = 2147483647;
			files = (
				71A744222744D64200D1D8FB /* ContentView.swift in Sources */,
				71A744202744D64200D1D8FB /* PrivacyConsentSampleApp.swift in Sources */,
			);
			runOnlyForDeploymentPostprocessing = 0;
		};
/* End PBXSourcesBuildPhase section */

/* Begin XCBuildConfiguration section */
		71A744252744D64200D1D8FB /* Debug */ = {
			isa = XCBuildConfiguration;
			buildSettings = {
				ALWAYS_SEARCH_USER_PATHS = NO;
				CLANG_ANALYZER_NONNULL = YES;
				CLANG_ANALYZER_NUMBER_OBJECT_CONVERSION = YES_AGGRESSIVE;
				CLANG_CXX_LANGUAGE_STANDARD = "gnu++17";
				CLANG_CXX_LIBRARY = "libc++";
				CLANG_ENABLE_MODULES = YES;
				CLANG_ENABLE_OBJC_ARC = YES;
				CLANG_ENABLE_OBJC_WEAK = YES;
				CLANG_WARN_BLOCK_CAPTURE_AUTORELEASING = YES;
				CLANG_WARN_BOOL_CONVERSION = YES;
				CLANG_WARN_COMMA = YES;
				CLANG_WARN_CONSTANT_CONVERSION = YES;
				CLANG_WARN_DEPRECATED_OBJC_IMPLEMENTATIONS = YES;
				CLANG_WARN_DIRECT_OBJC_ISA_USAGE = YES_ERROR;
				CLANG_WARN_DOCUMENTATION_COMMENTS = YES;
				CLANG_WARN_EMPTY_BODY = YES;
				CLANG_WARN_ENUM_CONVERSION = YES;
				CLANG_WARN_INFINITE_RECURSION = YES;
				CLANG_WARN_INT_CONVERSION = YES;
				CLANG_WARN_NON_LITERAL_NULL_CONVERSION = YES;
				CLANG_WARN_OBJC_IMPLICIT_RETAIN_SELF = YES;
				CLANG_WARN_OBJC_LITERAL_CONVERSION = YES;
				CLANG_WARN_OBJC_ROOT_CLASS = YES_ERROR;
				CLANG_WARN_QUOTED_INCLUDE_IN_FRAMEWORK_HEADER = YES;
				CLANG_WARN_RANGE_LOOP_ANALYSIS = YES;
				CLANG_WARN_STRICT_PROTOTYPES = YES;
				CLANG_WARN_SUSPICIOUS_MOVE = YES;
				CLANG_WARN_UNGUARDED_AVAILABILITY = YES_AGGRESSIVE;
				CLANG_WARN_UNREACHABLE_CODE = YES;
				CLANG_WARN__DUPLICATE_METHOD_MATCH = YES;
				COPY_PHASE_STRIP = NO;
				DEBUG_INFORMATION_FORMAT = dwarf;
				ENABLE_STRICT_OBJC_MSGSEND = YES;
				ENABLE_TESTABILITY = YES;
				GCC_C_LANGUAGE_STANDARD = gnu11;
				GCC_DYNAMIC_NO_PIC = NO;
				GCC_NO_COMMON_BLOCKS = YES;
				GCC_OPTIMIZATION_LEVEL = 0;
				GCC_PREPROCESSOR_DEFINITIONS = (
					"DEBUG=1",
					"$(inherited)",
				);
				GCC_WARN_64_TO_32_BIT_CONVERSION = YES;
				GCC_WARN_ABOUT_RETURN_TYPE = YES_ERROR;
				GCC_WARN_UNDECLARED_SELECTOR = YES;
				GCC_WARN_UNINITIALIZED_AUTOS = YES_AGGRESSIVE;
				GCC_WARN_UNUSED_FUNCTION = YES;
				GCC_WARN_UNUSED_VARIABLE = YES;
				IPHONEOS_DEPLOYMENT_TARGET = 17.0;
				MACOSX_DEPLOYMENT_TARGET = 14.0;
				MTL_ENABLE_DEBUG_INFO = INCLUDE_SOURCE;
				MTL_FAST_MATH = YES;
				ONLY_ACTIVE_ARCH = YES;
				SWIFT_ACTIVE_COMPILATION_CONDITIONS = DEBUG;
				SWIFT_OPTIMIZATION_LEVEL = "-Onone";
			};
			name = Debug;
		};
		71A744262744D64200D1D8FB /* Release */ = {
			isa = XCBuildConfiguration;
			buildSettings = {
				ALWAYS_SEARCH_USER_PATHS = NO;
				CLANG_ANALYZER_NONNULL = YES;
				CLANG_ANALYZER_NUMBER_OBJECT_CONVERSION = YES_AGGRESSIVE;
				CLANG_CXX_LANGUAGE_STANDARD = "gnu++17";
				CLANG_CXX_LIBRARY = "libc++";
				CLANG_ENABLE_MODULES = YES;
				CLANG_ENABLE_OBJC_ARC = YES;
				CLANG_ENABLE_OBJC_WEAK = YES;
				CLANG_WARN_BLOCK_CAPTURE_AUTORELEASING = YES;
				CLANG_WARN_BOOL_CONVERSION = YES;
				CLANG_WARN_COMMA = YES;
				CLANG_WARN_CONSTANT_CONVERSION = YES;
				CLANG_WARN_DEPRECATED_OBJC_IMPLEMENTATIONS = YES;
				CLANG_WARN_DIRECT_OBJC_ISA_USAGE = YES_ERROR;
				CLANG_WARN_DOCUMENTATION_COMMENTS = YES;
				CLANG_WARN_EMPTY_BODY = YES;
				CLANG_WARN_ENUM_CONVERSION = YES;
				CLANG_WARN_INFINITE_RECURSION = YES;
				CLANG_WARN_INT_CONVERSION = YES;
				CLANG_WARN_NON_LITERAL_NULL_CONVERSION = YES;
				CLANG_WARN_OBJC_IMPLICIT_RETAIN_SELF = YES;
				CLANG_WARN_OBJC_LITERAL_CONVERSION = YES;
				CLANG_WARN_OBJC_ROOT_CLASS = YES_ERROR;
				CLANG_WARN_QUOTED_INCLUDE_IN_FRAMEWORK_HEADER = YES;
				CLANG_WARN_RANGE_LOOP_ANALYSIS = YES;
				CLANG_WARN_STRICT_PROTOTYPES = YES;
				CLANG_WARN_SUSPICIOUS_MOVE = YES;
				CLANG_WARN_UNGUARDED_AVAILABILITY = YES_AGGRESSIVE;
				CLANG_WARN_UNREACHABLE_CODE = YES;
				CLANG_WARN__DUPLICATE_METHOD_MATCH = YES;
				COPY_PHASE_STRIP = NO;
				DEBUG_INFORMATION_FORMAT = "dwarf-with-dsym";
				ENABLE_NS_ASSERTIONS = NO;
				ENABLE_STRICT_OBJC_MSGSEND = YES;
				GCC_C_LANGUAGE_STANDARD = gnu11;
				GCC_NO_COMMON_BLOCKS = YES;
				GCC_WARN_64_TO_32_BIT_CONVERSION = YES;
				GCC_WARN_ABOUT_RETURN_TYPE = YES_ERROR;
				GCC_WARN_UNDECLARED_SELECTOR = YES;
				GCC_WARN_UNINITIALIZED_AUTOS = YES_AGGRESSIVE;
				GCC_WARN_UNUSED_FUNCTION = YES;
				GCC_WARN_UNUSED_VARIABLE = YES;
				IPHONEOS_DEPLOYMENT_TARGET = 17.0;
				MACOSX_DEPLOYMENT_TARGET = 14.0;
				MTL_ENABLE_DEBUG_INFO = NO;
				MTL_FAST_MATH = YES;
				SWIFT_COMPILATION_MODE = wholemodule;
				SWIFT_OPTIMIZATION_LEVEL = "-O";
			};
			name = Release;
		};
		71A744282744D64200D1D8FB /* Debug */ = {
			isa = XCBuildConfiguration;
			buildSettings = {
				ASSETCATALOG_COMPILER_APPICON_NAME = AppIcon;
				ASSETCATALOG_COMPILER_GLOBAL_ACCENT_COLOR_NAME = AccentColor;
				CODE_SIGN_STYLE = Automatic;
				CURRENT_PROJECT_VERSION = 1;
				DEVELOPMENT_TEAM = 24DA5QZ76Q;
				ENABLE_PREVIEWS = YES;
				GENERATE_INFOPLIST_FILE = YES;
				INFOPLIST_KEY_UIApplicationSceneManifest_Generation = YES;
				INFOPLIST_KEY_UIApplicationSupportsIndirectInputEvents = YES;
				INFOPLIST_KEY_UILaunchScreen_Generation = YES;
				INFOPLIST_KEY_UISupportedInterfaceOrientations_iPad = "UIInterfaceOrientationPortrait UIInterfaceOrientationPortraitUpsideDown UIInterfaceOrientationLandscapeLeft UIInterfaceOrientationLandscapeRight";
				INFOPLIST_KEY_UISupportedInterfaceOrientations_iPhone = "UIInterfaceOrientationPortrait UIInterfaceOrientationLandscapeLeft UIInterfaceOrientationLandscapeRight";
				IPHONEOS_DEPLOYMENT_TARGET = 17.0;
				LD_RUNPATH_SEARCH_PATHS = (
					"$(inherited)",
					"@executable_path/Frameworks",
				);
				MARKETING_VERSION = 1.0;
				PRODUCT_BUNDLE_IDENTIFIER = net.doublerew.PrivacyConsentSample;
				PRODUCT_NAME = PrivacyConsentSample;
				SDKROOT = iphoneos;
				SWIFT_EMIT_LOC_STRINGS = YES;
				SWIFT_VERSION = 5.0;
				TARGETED_DEVICE_FAMILY = "1,2";
			};
			name = Debug;
		};
		71A744292744D64200D1D8FB /* Release */ = {
			isa = XCBuildConfiguration;
			buildSettings = {
				ASSETCATALOG_COMPILER_APPICON_NAME = AppIcon;
				ASSETCATALOG_COMPILER_GLOBAL_ACCENT_COLOR_NAME = AccentColor;
				CODE_SIGN_STYLE = Automatic;
				CURRENT_PROJECT_VERSION = 1;
				DEVELOPMENT_TEAM = 24DA5QZ76Q;
				ENABLE_PREVIEWS = YES;
				GENERATE_INFOPLIST_FILE = YES;
				INFOPLIST_KEY_UIApplicationSceneManifest_Generation = YES;
				INFOPLIST_KEY_UIApplicationSupportsIndirectInputEvents = YES;
				INFOPLIST_KEY_UILaunchScreen_Generation = YES;
				INFOPLIST_KEY_UISupportedInterfaceOrientations_iPad = "UIInterfaceOrientationPortrait UIInterfaceOrientationPortraitUpsideDown UIInterfaceOrientationLandscapeLeft UIInterfaceOrientationLandscapeRight";
				INFOPLIST_KEY_UISupportedInterfaceOrientations_iPhone = "UIInterfaceOrientationPortrait UIInterfaceOrientationLandscapeLeft UIInterfaceOrientationLandscapeRight";
				IPHONEOS_DEPLOYMENT_TARGET = 17.0;
				LD_RUNPATH_SEARCH_PATHS = (
					"$(inherited)",
					"@executable_path/Frameworks",
				);
				MARKETING_VERSION = 1.0;
				PRODUCT_BUNDLE_IDENTIFIER = net.doublerew.PrivacyConsentSample;
				PRODUCT_NAME = PrivacyConsentSample;
				SDKROOT = iphoneos;
				SWIFT_EMIT_LOC_STRINGS = YES;
				SWIFT_VERSION = 5.0;
				TARGETED_DEVICE_FAMILY = "1,2";
				VALIDATE_PRODUCT = YES;
			};
			name = Release;
		};
		71A7442B2744D64200D1D8FB /* Debug */ = {
			isa = XCBuildConfiguration;
			buildSettings = {
				ASSETCATALOG_COMPILER_APPICON_NAME = AppIcon;
				ASSETCATALOG_COMPILER_GLOBAL_ACCENT_COLOR_NAME = AccentColor;
				CODE_SIGN_ENTITLEMENTS = macOS/macOS.entitlements;
				CODE_SIGN_STYLE = Automatic;
				COMBINE_HIDPI_IMAGES = YES;
				CURRENT_PROJECT_VERSION = 1;
				DEVELOPMENT_TEAM = 24DA5QZ76Q;
				ENABLE_HARDENED_RUNTIME = YES;
				ENABLE_PREVIEWS = YES;
				GENERATE_INFOPLIST_FILE = YES;
				INFOPLIST_KEY_NSHumanReadableCopyright = "";
				LD_RUNPATH_SEARCH_PATHS = (
					"$(inherited)",
					"@executable_path/../Frameworks",
				);
				MACOSX_DEPLOYMENT_TARGET = 14.0;
				MARKETING_VERSION = 1.0;
				PRODUCT_BUNDLE_IDENTIFIER = net.doublerew.PrivacyConsentSample;
				PRODUCT_NAME = PrivacyConsentSample;
				SDKROOT = macosx;
				SWIFT_EMIT_LOC_STRINGS = YES;
				SWIFT_VERSION = 5.0;
			};
			name = Debug;
		};
		71A7442C2744D64200D1D8FB /* Release */ = {
			isa = XCBuildConfiguration;
			buildSettings = {
				ASSETCATALOG_COMPILER_APPICON_NAME = AppIcon;
				ASSETCATALOG_COMPILER_GLOBAL_ACCENT_COLOR_NAME = AccentColor;
				CODE_SIGN_ENTITLEMENTS = macOS/macOS.entitlements;
				CODE_SIGN_STYLE = Automatic;
				COMBINE_HIDPI_IMAGES = YES;
				CURRENT_PROJECT_VERSION = 1;
				DEVELOPMENT_TEAM = 24DA5QZ76Q;
				ENABLE_HARDENED_RUNTIME = YES;
				ENABLE_PREVIEWS = YES;
				GENERATE_INFOPLIST_FILE = YES;
				INFOPLIST_KEY_NSHumanReadableCopyright = "";
				LD_RUNPATH_SEARCH_PATHS = (
					"$(inherited)",
					"@executable_path/../Frameworks",
				);
				MACOSX_DEPLOYMENT_TARGET = 14.0;
				MARKETING_VERSION = 1.0;
				PRODUCT_BUNDLE_IDENTIFIER = net.doublerew.PrivacyConsentSample;
				PRODUCT_NAME = PrivacyConsentSample;
				SDKROOT = macosx;
				SWIFT_EMIT_LOC_STRINGS = YES;
				SWIFT_VERSION = 5.0;
			};
			name = Release;
		};
/* End XCBuildConfiguration section */

/* Begin XCConfigurationList section */
		71A7440D2744D63F00D1D8FB /* Build configuration list for PBXProject "PrivacyConsentSample" */ = {
			isa = XCConfigurationList;
			buildConfigurations = (
				71A744252744D64200D1D8FB /* Debug */,
				71A744262744D64200D1D8FB /* Release */,
			);
			defaultConfigurationIsVisible = 0;
			defaultConfigurationName = Release;
		};
		71A744272744D64200D1D8FB /* Build configuration list for PBXNativeTarget "PrivacyConsentSample (iOS)" */ = {
			isa = XCConfigurationList;
			buildConfigurations = (
				71A744282744D64200D1D8FB /* Debug */,
				71A744292744D64200D1D8FB /* Release */,
			);
			defaultConfigurationIsVisible = 0;
			defaultConfigurationName = Release;
		};
		71A7442A2744D64200D1D8FB /* Build configuration list for PBXNativeTarget "PrivacyConsentSample (macOS)" */ = {
			isa = XCConfigurationList;
			buildConfigurations = (
				71A7442B2744D64200D1D8FB /* Debug */,
				71A7442C2744D64200D1D8FB /* Release */,
			);
			defaultConfigurationIsVisible = 0;
			defaultConfigurationName = Release;
		};
/* End XCConfigurationList section */

/* Begin XCSwiftPackageProductDependency section */
		715599D427499AB200C54268 /* PrivacyConsent */ = {
			isa = XCSwiftPackageProductDependency;
			productName = PrivacyConsent;
		};
		715599D627499ABC00C54268 /* PrivacyConsent */ = {
			isa = XCSwiftPackageProductDependency;
			productName = PrivacyConsent;
		};
/* End XCSwiftPackageProductDependency section */
	};
	rootObject = 71A7440A2744D63F00D1D8FB /* Project object */;
}
